PODS:
  - Flutter (1.0.0)
  - nearby_connections (0.0.1):
    - Flutter

DEPENDENCIES:
  - Flutter (from `Flutter`)
  - nearby_connections (from `.symlinks/plugins/nearby_connections/ios`)

EXTERNAL SOURCES:
  Flutter:
    :path: Flutter
  nearby_connections:
    :path: ".symlinks/plugins/nearby_connections/ios"

SPEC CHECKSUMS:
  Flutter: 0e3d915762c693b495b44d77113d4970485de6ec
  nearby_connections: a57a070c5801054eafc6371f737ad89a7bb4d6d7

PODFILE CHECKSUM: aafe91acc616949ddb318b77800a7f51bffa2a4c

COCOAPODS: 1.9.3
