PODS:
  - Flutter (1.0.0)
  - nearby_connections (0.0.1):
    - Flutter
    - SwiftyJSON (~> 4.0)
  - SwiftyJSON (4.3.0)

DEPENDENCIES:
  - Flutter (from `Flutter`)
  - nearby_connections (from `.symlinks/plugins/nearby_connections/ios`)

SPEC REPOS:
  trunk:
    - SwiftyJSON

EXTERNAL SOURCES:
  Flutter:
    :path: Flutter
  nearby_connections:
    :path: ".symlinks/plugins/nearby_connections/ios"

SPEC CHECKSUMS:
  Flutter: 0e3d915762c693b495b44d77113d4970485de6ec
  nearby_connections: bb5124dd1dddf178323f0bc3bb3a54f1d3156f53
  SwiftyJSON: 6faa0040f8b59dead0ee07436cbf76b73c08fd08

PODFILE CHECKSUM: aafe91acc616949ddb318b77800a7f51bffa2a4c

COCOAPODS: 1.9.3
